
Microsoft Visual Studio Solution File, Format Version 12.00
# Visual Studio Version 16
VisualStudioVersion = 16.0.30320.27
MinimumVisualStudioVersion = 10.0.40219.1
Project("{FAE04EC0-301F-11D3-BF4B-00C04F79EFBC}") = "ConsoleAppTestGit", "ConsoleAppTestGit\ConsoleAppTestGit.csproj", "{87307B5D-54CD-4984-87A5-4F832BEEDEEE}"
EndProject
Global
	GlobalSection(SolutionConfigurationPlatforms) = preSolution
		Debug|Any CPU = Debug|Any CPU
		Release|Any CPU = Release|Any CPU
	EndGlobalSection
	GlobalSection(ProjectConfigurationPlatforms) = postSolution
		{87307B5D-54CD-4984-87A5-4F832BEEDEEE}.Debug|Any CPU.ActiveCfg = Debug|Any CPU
		{87307B5D-54CD-4984-87A5-4F832BEEDEEE}.Debug|Any CPU.Build.0 = Debug|Any CPU
		{87307B5D-54CD-4984-87A5-4F832BEEDEEE}.Release|Any CPU.ActiveCfg = Release|Any CPU
		{87307B5D-54CD-4984-87A5-4F832BEEDEEE}.Release|Any CPU.Build.0 = Release|Any CPU
	EndGlobalSection
	GlobalSection(SolutionProperties) = preSolution
		HideSolutionNode = FALSE
	EndGlobalSection
	GlobalSection(ExtensibilityGlobals) = postSolution
		SolutionGuid = {42EDD3FB-6F4E-4EB1-8190-732B8A71A8D3}
	EndGlobalSection
EndGlobal
